
Microsoft Visual Studio Solution File, Format Version 12.00
# Visual Studio 15
VisualStudioVersion = 15.0.26430.6
MinimumVisualStudioVersion = 10.0.40219.1
Project("{D954291E-2A0B-460D-934E-DC6B0785DB48}") = "Ebay2Magento.Client", "Ebay2magento.Client\Ebay2Magento.Client.shproj", "{1663AEFE-DD23-42DD-9C79-D46119B5C1EC}"
EndProject
Project("{D954291E-2A0B-460D-934E-DC6B0785DB48}") = "Ebay2Magento.ApplicationFramework", "Ebay2magento.ApplicationFramework\Ebay2Magento.ApplicationFramework.shproj", "{B27861A0-F139-44D8-80CE-BBB149301DEF}"
EndProject
Project("{D954291E-2A0B-460D-934E-DC6B0785DB48}") = "Ebay2Magento.Business", "Ebay2Magento.Business\Ebay2Magento.Business.shproj", "{8DC0A5EC-0596-4DB6-AE78-EFB44C45AAB1}"
EndProject
Project("{D954291E-2A0B-460D-934E-DC6B0785DB48}") = "Ebay2Magento.Views", "Ebay2Magento.Views\Ebay2Magento.Views.shproj", "{E8EC58AD-0E25-4B1B-802C-1519BDC6EB76}"
EndProject
Project("{D954291E-2A0B-460D-934E-DC6B0785DB48}") = "Ebay2Magento.Presentation", "Ebay2Magento.Presentation\Ebay2Magento.Presentation.shproj", "{5D95FE3E-40EB-491B-80AF-1CE872571DE3}"
EndProject
Project("{2150E333-8FDC-42A3-9474-1A3956D46DE8}") = "Solution Items", "Solution Items", "{07A86A43-CD45-437C-AF02-B8B8CAD48235}"
	ProjectSection(SolutionItems) = preProject
		postbuild.ps1 = postbuild.ps1
	EndProjectSection
EndProject
Project("{FAE04EC0-301F-11D3-BF4B-00C04F79EFBC}") = "Ebay2Magento.Classic", "Ebay2Magento.Classic\Ebay2Magento.Classic.csproj", "{20D2B8B9-52A0-4270-BC97-127E63E93C12}"
EndProject
Global
	GlobalSection(SharedMSBuildProjectFiles) = preSolution
		Ebay2magento.Client\Ebay2magento.Client.projitems*{1663aefe-dd23-42dd-9c79-d46119b5c1ec}*SharedItemsImports = 13
		Ebay2magento.ApplicationFramework\Ebay2magento.ApplicationFramework.projitems*{20d2b8b9-52a0-4270-bc97-127e63e93c12}*SharedItemsImports = 4
		Ebay2Magento.Business\Ebay2Magento.Business.projitems*{20d2b8b9-52a0-4270-bc97-127e63e93c12}*SharedItemsImports = 4
		Ebay2magento.Client\Ebay2magento.Client.projitems*{20d2b8b9-52a0-4270-bc97-127e63e93c12}*SharedItemsImports = 4
		Ebay2Magento.Presentation\Ebay2Magento.Presentation.projitems*{20d2b8b9-52a0-4270-bc97-127e63e93c12}*SharedItemsImports = 4
		Ebay2Magento.Views\Ebay2Magento.Views.projitems*{20d2b8b9-52a0-4270-bc97-127e63e93c12}*SharedItemsImports = 4
		Ebay2Magento.Presentation\Ebay2Magento.Presentation.projitems*{5d95fe3e-40eb-491b-80af-1ce872571de3}*SharedItemsImports = 13
		Ebay2Magento.Business\Ebay2Magento.Business.projitems*{8dc0a5ec-0596-4db6-ae78-efb44c45aab1}*SharedItemsImports = 13
		Ebay2magento.ApplicationFramework\Ebay2magento.ApplicationFramework.projitems*{b27861a0-f139-44d8-80ce-bbb149301def}*SharedItemsImports = 13
		Ebay2Magento.Views\Ebay2Magento.Views.projitems*{e8ec58ad-0e25-4b1b-802c-1519bdc6eb76}*SharedItemsImports = 13
	EndGlobalSection
	GlobalSection(SolutionConfigurationPlatforms) = preSolution
		Debug|Any CPU = Debug|Any CPU
		Debug|ARM = Debug|ARM
		Debug|x64 = Debug|x64
		Debug|x86 = Debug|x86
		Release|Any CPU = Release|Any CPU
		Release|ARM = Release|ARM
		Release|x64 = Release|x64
		Release|x86 = Release|x86
	EndGlobalSection
	GlobalSection(ProjectConfigurationPlatforms) = postSolution
		{20D2B8B9-52A0-4270-BC97-127E63E93C12}.Debug|Any CPU.ActiveCfg = Debug|Any CPU
		{20D2B8B9-52A0-4270-BC97-127E63E93C12}.Debug|Any CPU.Build.0 = Debug|Any CPU
		{20D2B8B9-52A0-4270-BC97-127E63E93C12}.Debug|ARM.ActiveCfg = Debug|Any CPU
		{20D2B8B9-52A0-4270-BC97-127E63E93C12}.Debug|ARM.Build.0 = Debug|Any CPU
		{20D2B8B9-52A0-4270-BC97-127E63E93C12}.Debug|x64.ActiveCfg = Debug|Any CPU
		{20D2B8B9-52A0-4270-BC97-127E63E93C12}.Debug|x64.Build.0 = Debug|Any CPU
		{20D2B8B9-52A0-4270-BC97-127E63E93C12}.Debug|x86.ActiveCfg = Debug|Any CPU
		{20D2B8B9-52A0-4270-BC97-127E63E93C12}.Debug|x86.Build.0 = Debug|Any CPU
		{20D2B8B9-52A0-4270-BC97-127E63E93C12}.Release|Any CPU.ActiveCfg = Release|Any CPU
		{20D2B8B9-52A0-4270-BC97-127E63E93C12}.Release|Any CPU.Build.0 = Release|Any CPU
		{20D2B8B9-52A0-4270-BC97-127E63E93C12}.Release|ARM.ActiveCfg = Release|Any CPU
		{20D2B8B9-52A0-4270-BC97-127E63E93C12}.Release|ARM.Build.0 = Release|Any CPU
		{20D2B8B9-52A0-4270-BC97-127E63E93C12}.Release|x64.ActiveCfg = Release|Any CPU
		{20D2B8B9-52A0-4270-BC97-127E63E93C12}.Release|x64.Build.0 = Release|Any CPU
		{20D2B8B9-52A0-4270-BC97-127E63E93C12}.Release|x86.ActiveCfg = Release|Any CPU
		{20D2B8B9-52A0-4270-BC97-127E63E93C12}.Release|x86.Build.0 = Release|Any CPU
	EndGlobalSection
	GlobalSection(SolutionProperties) = preSolution
		HideSolutionNode = FALSE
	EndGlobalSection
EndGlobal
